
Microsoft Visual Studio Solution File, Format Version 12.00
# Visual Studio Version 17
VisualStudioVersion = 17.8.34601.278
MinimumVisualStudioVersion = 10.0.40219.1
Project("{FAE04EC0-301F-11D3-BF4B-00C04F79EFBC}") = "ConsoleApp1", "ConsoleApp1\ConsoleApp1.csproj", "{E8DA017D-EF12-4F14-9CBF-BFD2831764C4}"
EndProject
Global
	GlobalSection(SolutionConfigurationPlatforms) = preSolution
		Debug|Any CPU = Debug|Any CPU
		Release|Any CPU = Release|Any CPU
	EndGlobalSection
	GlobalSection(ProjectConfigurationPlatforms) = postSolution
		{E8DA017D-EF12-4F14-9CBF-BFD2831764C4}.Debug|Any CPU.ActiveCfg = Debug|Any CPU
		{E8DA017D-EF12-4F14-9CBF-BFD2831764C4}.Debug|Any CPU.Build.0 = Debug|Any CPU
		{E8DA017D-EF12-4F14-9CBF-BFD2831764C4}.Release|Any CPU.ActiveCfg = Release|Any CPU
		{E8DA017D-EF12-4F14-9CBF-BFD2831764C4}.Release|Any CPU.Build.0 = Release|Any CPU
	EndGlobalSection
	GlobalSection(SolutionProperties) = preSolution
		HideSolutionNode = FALSE
	EndGlobalSection
	GlobalSection(ExtensibilityGlobals) = postSolution
		SolutionGuid = {26B81CDC-AF21-4D3A-A7CF-4CE37E057D16}
	EndGlobalSection
EndGlobal
